
Microsoft Visual Studio Solution File, Format Version 12.00
# Visual Studio 15
VisualStudioVersion = 15.0.28307.421
MinimumVisualStudioVersion = 10.0.40219.1
Project("{FAE04EC0-301F-11D3-BF4B-00C04F79EFBC}") = "App_tache1_procheck", "App_tache1_procheck\App_tache1_procheck.csproj", "{DE72ED64-ACDE-4367-9424-9399A6B4291E}"
EndProject
Global
	GlobalSection(SolutionConfigurationPlatforms) = preSolution
		Debug|Any CPU = Debug|Any CPU
		Release|Any CPU = Release|Any CPU
	EndGlobalSection
	GlobalSection(ProjectConfigurationPlatforms) = postSolution
		{DE72ED64-ACDE-4367-9424-9399A6B4291E}.Debug|Any CPU.ActiveCfg = Debug|Any CPU
		{DE72ED64-ACDE-4367-9424-9399A6B4291E}.Debug|Any CPU.Build.0 = Debug|Any CPU
		{DE72ED64-ACDE-4367-9424-9399A6B4291E}.Release|Any CPU.ActiveCfg = Release|Any CPU
		{DE72ED64-ACDE-4367-9424-9399A6B4291E}.Release|Any CPU.Build.0 = Release|Any CPU
	EndGlobalSection
	GlobalSection(SolutionProperties) = preSolution
		HideSolutionNode = FALSE
	EndGlobalSection
	GlobalSection(ExtensibilityGlobals) = postSolution
		SolutionGuid = {07D00195-CEDE-4AA8-83F7-4BF7B710F85A}
	EndGlobalSection
EndGlobal
